
Microsoft Visual Studio Solution File, Format Version 12.00
# Visual Studio Version 16
VisualStudioVersion = 16.0.30621.155
MinimumVisualStudioVersion = 10.0.40219.1
Project("{FAE04EC0-301F-11D3-BF4B-00C04F79EFBC}") = "ConsoleApp20", "ConsoleApp20\ConsoleApp20.csproj", "{B57CC60A-EBB2-4352-8A1C-1B642ABC0C19}"
EndProject
Global
	GlobalSection(SolutionConfigurationPlatforms) = preSolution
		Debug|Any CPU = Debug|Any CPU
		Release|Any CPU = Release|Any CPU
	EndGlobalSection
	GlobalSection(ProjectConfigurationPlatforms) = postSolution
		{B57CC60A-EBB2-4352-8A1C-1B642ABC0C19}.Debug|Any CPU.ActiveCfg = Debug|Any CPU
		{B57CC60A-EBB2-4352-8A1C-1B642ABC0C19}.Debug|Any CPU.Build.0 = Debug|Any CPU
		{B57CC60A-EBB2-4352-8A1C-1B642ABC0C19}.Release|Any CPU.ActiveCfg = Release|Any CPU
		{B57CC60A-EBB2-4352-8A1C-1B642ABC0C19}.Release|Any CPU.Build.0 = Release|Any CPU
	EndGlobalSection
	GlobalSection(SolutionProperties) = preSolution
		HideSolutionNode = FALSE
	EndGlobalSection
	GlobalSection(ExtensibilityGlobals) = postSolution
		SolutionGuid = {4367DCE5-3B30-4934-A46B-D664F24327D8}
	EndGlobalSection
EndGlobal
